
Microsoft Visual Studio Solution File, Format Version 12.00
# Visual Studio Version 17
VisualStudioVersion = 17.4.33213.308
MinimumVisualStudioVersion = 10.0.40219.1
Project("{FAE04EC0-301F-11D3-BF4B-00C04F79EFBC}") = "Abatab.Core.OS", "Abatab.Core.OS.csproj", "{898B2032-9FE2-485A-B3C2-D86E27B2A33A}"
EndProject
Global
	GlobalSection(SolutionConfigurationPlatforms) = preSolution
		Debug|Any CPU = Debug|Any CPU
		Release|Any CPU = Release|Any CPU
	EndGlobalSection
	GlobalSection(ProjectConfigurationPlatforms) = postSolution
		{898B2032-9FE2-485A-B3C2-D86E27B2A33A}.Debug|Any CPU.ActiveCfg = Debug|Any CPU
		{898B2032-9FE2-485A-B3C2-D86E27B2A33A}.Debug|Any CPU.Build.0 = Debug|Any CPU
		{898B2032-9FE2-485A-B3C2-D86E27B2A33A}.Release|Any CPU.ActiveCfg = Release|Any CPU
		{898B2032-9FE2-485A-B3C2-D86E27B2A33A}.Release|Any CPU.Build.0 = Release|Any CPU
	EndGlobalSection
	GlobalSection(SolutionProperties) = preSolution
		HideSolutionNode = FALSE
	EndGlobalSection
	GlobalSection(ExtensibilityGlobals) = postSolution
		SolutionGuid = {EA70D7BF-8F85-43FF-8FED-5516F96D7767}
	EndGlobalSection
EndGlobal
